
Microsoft Visual Studio Solution File, Format Version 12.00
# Visual Studio Version 17
VisualStudioVersion = 17.13.35818.85
MinimumVisualStudioVersion = 10.0.40219.1
Project("{FAE04EC0-301F-11D3-BF4B-00C04F79EFBC}") = "IdentityServer", "IdentityServer.csproj", "{18F8A414-8A98-4258-8949-29ED05485CF4}"
EndProject
Project("{FAE04EC0-301F-11D3-BF4B-00C04F79EFBC}") = "ProtectedAPI", "..\ProtectedAPI\ProtectedAPI.csproj", "{D3CB8C96-7AF6-477C-8BD4-04EC3931D317}"
EndProject
Project("{FAE04EC0-301F-11D3-BF4B-00C04F79EFBC}") = "Client", "..\Client\Client.csproj", "{1CEB5800-AC11-40EB-83DC-7E7128055268}"
EndProject
Global
	GlobalSection(SolutionConfigurationPlatforms) = preSolution
		Debug|Any CPU = Debug|Any CPU
		Release|Any CPU = Release|Any CPU
	EndGlobalSection
	GlobalSection(ProjectConfigurationPlatforms) = postSolution
		{18F8A414-8A98-4258-8949-29ED05485CF4}.Debug|Any CPU.ActiveCfg = Debug|Any CPU
		{18F8A414-8A98-4258-8949-29ED05485CF4}.Debug|Any CPU.Build.0 = Debug|Any CPU
		{18F8A414-8A98-4258-8949-29ED05485CF4}.Release|Any CPU.ActiveCfg = Release|Any CPU
		{18F8A414-8A98-4258-8949-29ED05485CF4}.Release|Any CPU.Build.0 = Release|Any CPU
		{D3CB8C96-7AF6-477C-8BD4-04EC3931D317}.Debug|Any CPU.ActiveCfg = Debug|Any CPU
		{D3CB8C96-7AF6-477C-8BD4-04EC3931D317}.Debug|Any CPU.Build.0 = Debug|Any CPU
		{D3CB8C96-7AF6-477C-8BD4-04EC3931D317}.Release|Any CPU.ActiveCfg = Release|Any CPU
		{D3CB8C96-7AF6-477C-8BD4-04EC3931D317}.Release|Any CPU.Build.0 = Release|Any CPU
		{1CEB5800-AC11-40EB-83DC-7E7128055268}.Debug|Any CPU.ActiveCfg = Debug|Any CPU
		{1CEB5800-AC11-40EB-83DC-7E7128055268}.Debug|Any CPU.Build.0 = Debug|Any CPU
		{1CEB5800-AC11-40EB-83DC-7E7128055268}.Release|Any CPU.ActiveCfg = Release|Any CPU
		{1CEB5800-AC11-40EB-83DC-7E7128055268}.Release|Any CPU.Build.0 = Release|Any CPU
	EndGlobalSection
	GlobalSection(SolutionProperties) = preSolution
		HideSolutionNode = FALSE
	EndGlobalSection
	GlobalSection(ExtensibilityGlobals) = postSolution
		SolutionGuid = {43185E43-F020-421E-AA71-B0EF2C78E7C5}
	EndGlobalSection
EndGlobal
